
Microsoft Visual Studio Solution File, Format Version 12.00
# Visual Studio Version 17
VisualStudioVersion = 17.11.35303.130
MinimumVisualStudioVersion = 10.0.40219.1
Project("{FAE04EC0-301F-11D3-BF4B-00C04F79EFBC}") = "Week5LogicalOperators", "Week5LogicalOperators\Week5LogicalOperators.csproj", "{DC6064A8-0B38-4C33-8A9F-DE32404C0F06}"
EndProject
Project("{FAE04EC0-301F-11D3-BF4B-00C04F79EFBC}") = "ANDOperator", "ANDOperator\ANDOperator.csproj", "{A3C2E226-0E0A-4E41-A2C4-80207D329C9D}"
EndProject
Project("{FAE04EC0-301F-11D3-BF4B-00C04F79EFBC}") = "OROperator", "OROperator\OROperator.csproj", "{EE47F773-3CE4-4605-9FE3-7BD6429818FF}"
EndProject
Project("{FAE04EC0-301F-11D3-BF4B-00C04F79EFBC}") = "ANDRanges", "ANDRanges\ANDRanges.csproj", "{6088D92B-5C62-4054-B279-7AA064CD9F81}"
EndProject
Global
	GlobalSection(SolutionConfigurationPlatforms) = preSolution
		Debug|Any CPU = Debug|Any CPU
		Release|Any CPU = Release|Any CPU
	EndGlobalSection
	GlobalSection(ProjectConfigurationPlatforms) = postSolution
		{DC6064A8-0B38-4C33-8A9F-DE32404C0F06}.Debug|Any CPU.ActiveCfg = Debug|Any CPU
		{DC6064A8-0B38-4C33-8A9F-DE32404C0F06}.Debug|Any CPU.Build.0 = Debug|Any CPU
		{DC6064A8-0B38-4C33-8A9F-DE32404C0F06}.Release|Any CPU.ActiveCfg = Release|Any CPU
		{DC6064A8-0B38-4C33-8A9F-DE32404C0F06}.Release|Any CPU.Build.0 = Release|Any CPU
		{A3C2E226-0E0A-4E41-A2C4-80207D329C9D}.Debug|Any CPU.ActiveCfg = Debug|Any CPU
		{A3C2E226-0E0A-4E41-A2C4-80207D329C9D}.Debug|Any CPU.Build.0 = Debug|Any CPU
		{A3C2E226-0E0A-4E41-A2C4-80207D329C9D}.Release|Any CPU.ActiveCfg = Release|Any CPU
		{A3C2E226-0E0A-4E41-A2C4-80207D329C9D}.Release|Any CPU.Build.0 = Release|Any CPU
		{EE47F773-3CE4-4605-9FE3-7BD6429818FF}.Debug|Any CPU.ActiveCfg = Debug|Any CPU
		{EE47F773-3CE4-4605-9FE3-7BD6429818FF}.Debug|Any CPU.Build.0 = Debug|Any CPU
		{EE47F773-3CE4-4605-9FE3-7BD6429818FF}.Release|Any CPU.ActiveCfg = Release|Any CPU
		{EE47F773-3CE4-4605-9FE3-7BD6429818FF}.Release|Any CPU.Build.0 = Release|Any CPU
		{6088D92B-5C62-4054-B279-7AA064CD9F81}.Debug|Any CPU.ActiveCfg = Debug|Any CPU
		{6088D92B-5C62-4054-B279-7AA064CD9F81}.Debug|Any CPU.Build.0 = Debug|Any CPU
		{6088D92B-5C62-4054-B279-7AA064CD9F81}.Release|Any CPU.ActiveCfg = Release|Any CPU
		{6088D92B-5C62-4054-B279-7AA064CD9F81}.Release|Any CPU.Build.0 = Release|Any CPU
	EndGlobalSection
	GlobalSection(SolutionProperties) = preSolution
		HideSolutionNode = FALSE
	EndGlobalSection
	GlobalSection(ExtensibilityGlobals) = postSolution
		SolutionGuid = {59762297-90D4-44EB-BDFE-6A2DDA820CB7}
	EndGlobalSection
EndGlobal
